
Microsoft Visual Studio Solution File, Format Version 12.00
# Visual Studio Version 17
VisualStudioVersion = 17.7.34024.191
MinimumVisualStudioVersion = 10.0.40219.1
Project("{FAE04EC0-301F-11D3-BF4B-00C04F79EFBC}") = "Week8EpicGame", "Week8EpicGame\Week8EpicGame.csproj", "{8B07A8D8-8737-4BBD-833A-B3C72D07156A}"
EndProject
Global
	GlobalSection(SolutionConfigurationPlatforms) = preSolution
		Debug|Any CPU = Debug|Any CPU
		Release|Any CPU = Release|Any CPU
	EndGlobalSection
	GlobalSection(ProjectConfigurationPlatforms) = postSolution
		{8B07A8D8-8737-4BBD-833A-B3C72D07156A}.Debug|Any CPU.ActiveCfg = Debug|Any CPU
		{8B07A8D8-8737-4BBD-833A-B3C72D07156A}.Debug|Any CPU.Build.0 = Debug|Any CPU
		{8B07A8D8-8737-4BBD-833A-B3C72D07156A}.Release|Any CPU.ActiveCfg = Release|Any CPU
		{8B07A8D8-8737-4BBD-833A-B3C72D07156A}.Release|Any CPU.Build.0 = Release|Any CPU
	EndGlobalSection
	GlobalSection(SolutionProperties) = preSolution
		HideSolutionNode = FALSE
	EndGlobalSection
	GlobalSection(ExtensibilityGlobals) = postSolution
		SolutionGuid = {824CE01E-3708-4568-A8A0-8A2DEBDC9513}
	EndGlobalSection
EndGlobal
